
Microsoft Visual Studio Solution File, Format Version 12.00
# Visual Studio Version 16
VisualStudioVersion = 16.0.30001.183
MinimumVisualStudioVersion = 10.0.40219.1
Project("{FAE04EC0-301F-11D3-BF4B-00C04F79EFBC}") = "WebSocketLib", "WebSocketLib\WebSocketLib.csproj", "{BA9BBB39-407C-4C44-BE05-204D56012C98}"
EndProject
Project("{FAE04EC0-301F-11D3-BF4B-00C04F79EFBC}") = "WebSocketLib.Example", "WebSocketLib.Example\WebSocketLib.Example.csproj", "{D77C773B-F673-4E3F-9C1E-F84C3ACC92B6}"
EndProject
Global
	GlobalSection(SolutionConfigurationPlatforms) = preSolution
		Debug|Any CPU = Debug|Any CPU
		Release|Any CPU = Release|Any CPU
	EndGlobalSection
	GlobalSection(ProjectConfigurationPlatforms) = postSolution
		{BA9BBB39-407C-4C44-BE05-204D56012C98}.Debug|Any CPU.ActiveCfg = Debug|Any CPU
		{BA9BBB39-407C-4C44-BE05-204D56012C98}.Debug|Any CPU.Build.0 = Debug|Any CPU
		{BA9BBB39-407C-4C44-BE05-204D56012C98}.Release|Any CPU.ActiveCfg = Release|Any CPU
		{BA9BBB39-407C-4C44-BE05-204D56012C98}.Release|Any CPU.Build.0 = Release|Any CPU
		{D77C773B-F673-4E3F-9C1E-F84C3ACC92B6}.Debug|Any CPU.ActiveCfg = Debug|Any CPU
		{D77C773B-F673-4E3F-9C1E-F84C3ACC92B6}.Debug|Any CPU.Build.0 = Debug|Any CPU
		{D77C773B-F673-4E3F-9C1E-F84C3ACC92B6}.Release|Any CPU.ActiveCfg = Release|Any CPU
		{D77C773B-F673-4E3F-9C1E-F84C3ACC92B6}.Release|Any CPU.Build.0 = Release|Any CPU
	EndGlobalSection
	GlobalSection(SolutionProperties) = preSolution
		HideSolutionNode = FALSE
	EndGlobalSection
	GlobalSection(ExtensibilityGlobals) = postSolution
		SolutionGuid = {F81CB3A1-EFF0-4092-BEC9-847944F363F8}
	EndGlobalSection
EndGlobal
